version = 1
revision = 3
requires-python = ">=3.14"

[[package]]
name = "altgraph"
version = "0.17.5"
source = { registry = "https://pypi.org/simple" }
sdist = { url = "https://files.pythonhosted.org/packages/7e/f8/97fdf103f38fed6792a1601dbc16cc8aac56e7459a9fff08c812d8ae177a/altgraph-0.17.5.tar.gz", hash = "sha256:c87b395dd12fabde9c99573a9749d67da8d29ef9de0125c7f536699b4a9bc9e7", size = 48428, upload-time = "2025-11-21T20:35:50.583Z" }
wheels = [
    { url = "https://files.pythonhosted.org/packages/a9/ba/000a1996d4308bc65120167c21241a3b205464a2e0b58deda26ae8ac21d1/altgraph-0.17.5-py2.py3-none-any.whl", hash = "sha256:f3a22400bce1b0c701683820ac4f3b159cd301acab067c51c653e06961600597", size = 21228, upload-time = "2025-11-21T20:35:49.444Z" },
]

[[package]]
name = "jieba"
version = "0.42.1"
source = { registry = "https://pypi.org/simple" }
sdist = { url = "https://files.pythonhosted.org/packages/c6/cb/18eeb235f833b726522d7ebed54f2278ce28ba9438e3135ab0278d9792a2/jieba-0.42.1.tar.gz", hash = "sha256:055ca12f62674fafed09427f176506079bc135638a14e23e25be909131928db2", size = 19214172, upload-time = "2020-01-20T14:27:23.5Z" }

[[package]]
name = "macholib"
version = "1.16.4"
source = { registry = "https://pypi.org/simple" }
dependencies = [
    { name = "altgraph" },
]
sdist = { url = "https://files.pythonhosted.org/packages/10/2f/97589876ea967487978071c9042518d28b958d87b17dceb7cdc1d881f963/macholib-1.16.4.tar.gz", hash = "sha256:f408c93ab2e995cd2c46e34fe328b130404be143469e41bc366c807448979362", size = 59427, upload-time = "2025-11-22T08:28:38.373Z" }
wheels = [
    { url = "https://files.pythonhosted.org/packages/c7/d1/a9f36f8ecdf0fb7c9b1e78c8d7af12b8c8754e74851ac7b94a8305540fc7/macholib-1.16.4-py2.py3-none-any.whl", hash = "sha256:da1a3fa8266e30f0ce7e97c6a54eefaae8edd1e5f86f3eb8b95457cae90265ea", size = 38117, upload-time = "2025-11-22T08:28:36.939Z" },
]

[[package]]
name = "numpy"
version = "2.5.1"
source = { registry = "https://pypi.org/simple" }
sdist = { url = "https://files.pythonhosted.org/packages/22/fd/89965aa4ac08c74998539fcbf24fa3540f3e15237fbeb6bcf9c908f4aade/numpy-2.5.1.tar.gz", hash = "sha256:a48a113e6afea91f5608793bafa7ef2ad481fefbda87ec5069f483de61cb9fa3", size = 20755553, upload-time = "2026-07-04T17:08:00.933Z" }
wheels = [
    { url = "https://files.pythonhosted.org/packages/db/f4/731b6085a83faf6ca843394cbd5e217280c214399f7e8b21b9f552af0ae2/numpy-2.5.1-cp314-cp314-macosx_10_15_x86_64.whl", hash = "sha256:7c786fe9a5bbe360022e584c5a34cf6b54265c71bd7ec8ac3d8fec38968071f8", size = 16795063, upload-time = "2026-07-04T17:07:07.374Z" },
    { url = "https://files.pythonhosted.org/packages/bf/64/0e215f2048dd11a55bb989ed41b3585ef57452404e638d703a211a3e4157/numpy-2.5.1-cp314-cp314-macosx_11_0_arm64.whl", hash = "sha256:32985c896d897419ef8da6917872d80b78ad0ea26d85b23245c7366ffde76d75", size = 11776652, upload-time = "2026-07-04T17:07:09.907Z" },
    { url = "https://files.pythonhosted.org/packages/b5/59/2b844c7a6e9deff69b404a66221e1542937734f65d5e6e39411876053862/numpy-2.5.1-cp314-cp314-macosx_14_0_arm64.whl", hash = "sha256:efd736408cc97c79b9e6917338dfc8f06013b2274f992e96b1d9a81a71e2a2c2", size = 5335944, upload-time = "2026-07-04T17:07:12.227Z" },
    { url = "https://files.pythonhosted.org/packages/86/51/9bf7cb2cabcebc9e017e4ec7e6322b378317a542c08b4cb68479c1efc716/numpy-2.5.1-cp314-cp314-macosx_14_0_x86_64.whl", hash = "sha256:ab84dc6b074fa881cae55bea94cc4f68e285181ba7f32497bf7dee6b1496165b", size = 6656266, upload-time = "2026-07-04T17:07:14.368Z" },
    { url = "https://files.pythonhosted.org/packages/83/3e/fb7615b211b82a32f44d5180a6d421b61f84d4fadd578b48ba4ac34e189f/numpy-2.5.1-cp314-cp314-manylinux_2_27_aarch64.manylinux_2_28_aarch64.whl", hash = "sha256:caf3e317d33d60c37986b452613f4ab51246d0691350c03d0cb4a898627f4a95", size = 15179720, upload-time = "2026-07-04T17:07:16.272Z" },
    { url = "https://files.pythonhosted.org/packages/41/5f/0f992cb24560673496c5d68de61913b57166ce530ffda07c1f280e0cc464/numpy-2.5.1-cp314-cp314-manylinux_2_27_x86_64.manylinux_2_28_x86_64.whl", hash = "sha256:54ad769f17bc2d833b620851989f62054fb9ab93c969d9e1dc3c8e3d56beea21", size = 16664835, upload-time = "2026-07-04T17:07:19.021Z" },
    { url = "https://files.pythonhosted.org/packages/a2/2f/97d6475ee91afe2587797d09446f9d3e475ad4cb681662d824809327b75a/numpy-2.5.1-cp314-cp314-musllinux_1_2_aarch64.whl", hash = "sha256:c12afb53450fa976d4c681c50a7423729a4c51c0465ed9f32b8a9cabbc472373", size = 16539135, upload-time = "2026-07-04T17:07:22.015Z" },
    { url = "https://files.pythonhosted.org/packages/c4/5b/4db81e4ba0be7e2776b1de68c82aa862c7f8ec27e1b4927d4ae075e20678/numpy-2.5.1-cp314-cp314-musllinux_1_2_x86_64.whl", hash = "sha256:e8c11c405efc5ff6816d5983c96cdfa215bab3428961243af3ff59b228490438", size = 18426684, upload-time = "2026-07-04T17:07:24.941Z" },
    { url = "https://files.pythonhosted.org/packages/1f/64/c0ba2d90724d450279a7df8f32057241070250a26a7e2b5337d77347f481/numpy-2.5.1-cp314-cp314-win32.whl", hash = "sha256:f2479a47f8d5932d1718168a681ad6e536a9df484c83cfcf9de365e164537ace", size = 6116103, upload-time = "2026-07-04T17:07:27.622Z" },
    { url = "https://files.pythonhosted.org/packages/c1/1a/837f9ed7405adcd7a40538792eb169eddd8fa5630c16a1ef49dae71a30f4/numpy-2.5.1-cp314-cp314-win_amd64.whl", hash = "sha256:24d0eb82c0541d3415a33425db64ae439dffccd7b4dbcb30e7c35120205c506a", size = 12562177, upload-time = "2026-07-04T17:07:29.887Z" },
    { url = "https://files.pythonhosted.org/packages/22/ed/49707938b6dd0a78a9178dd93227dc89e4c11af47f5c798d70366e8d0483/numpy-2.5.1-cp314-cp314-win_arm64.whl", hash = "sha256:5a4c988b38d261deeeaad9954e3deb091ad905c94e8bb6708654ef1d97f286b0", size = 10627739, upload-time = "2026-07-04T17:07:32.568Z" },
    { url = "https://files.pythonhosted.org/packages/a6/c7/bb4b882cfe7f299cbc8b66e42e7dd78cf9d14e40f9469fc5e3db7e15b3bd/numpy-2.5.1-cp314-cp314t-macosx_11_0_arm64.whl", hash = "sha256:a33276be12fa045805f477f22482088b66bb758ffbe89a9d21457de863a32e22", size = 11894709, upload-time = "2026-07-04T17:07:34.941Z" },
    { url = "https://files.pythonhosted.org/packages/40/3f/5af7f4a7f6224aef48017aa82bb6174c7a659d724be0c75017b7e64a55b4/numpy-2.5.1-cp314-cp314t-macosx_14_0_arm64.whl", hash = "sha256:f089d7b00756190aacf1f5d34bdf38c3c430ac82b4f868f8cede73380460fce7", size = 5453810, upload-time = "2026-07-04T17:07:37.495Z" },
    { url = "https://files.pythonhosted.org/packages/20/c9/3474309bc94d634d3f9c3eddf03250ecb8c22cd948ef16fef69a77cc5d7b/numpy-2.5.1-cp314-cp314t-macosx_14_0_x86_64.whl", hash = "sha256:09e9bfd8d2cf479c7d174804fb3811c53a8e9f20a37444008606b57d6b7a826d", size = 6761189, upload-time = "2026-07-04T17:07:39.563Z" },
    { url = "https://files.pythonhosted.org/packages/90/8a/558ae39fdd55d7e7f7fef9a84a6e964ac6b23edbd2a07e52bb084500507d/numpy-2.5.1-cp314-cp314t-manylinux_2_27_aarch64.manylinux_2_28_aarch64.whl", hash = "sha256:e68d8dd1e7eba712948f2053a29ec86917bc70ba1358df869d9f06649ef9cf09", size = 15225039, upload-time = "2026-07-04T17:07:41.682Z" },
    { url = "https://files.pythonhosted.org/packages/63/27/ca7392b2d030277bdf0273e7d23255b3ee57d57a7c170a6f4fb3981e1e5d/numpy-2.5.1-cp314-cp314t-manylinux_2_27_x86_64.manylinux_2_28_x86_64.whl", hash = "sha256:99d5095fa265a0c4152e7bb12759e14381ef5496152f1ce58f44bdf55c44beb4", size = 16701306, upload-time = "2026-07-04T17:07:44.611Z" },
    { url = "https://files.pythonhosted.org/packages/02/42/03d53ae7996c44d4374a8262e9dc41671fd56cbb98f7d47ef85cf5da4c6b/numpy-2.5.1-cp314-cp314t-musllinux_1_2_aarch64.whl", hash = "sha256:ab87a91b3cc3382b8956095bd8f95e00cf679bb81554339be1a2ba404a1473c1", size = 16589955, upload-time = "2026-07-04T17:07:47.694Z" },
    { url = "https://files.pythonhosted.org/packages/7b/15/6c1784ae469640e65db111e9a34b3d0f14d91e8a38b9ce34810ced370dbb/numpy-2.5.1-cp314-cp314t-musllinux_1_2_x86_64.whl", hash = "sha256:224ca51130ef7da85bea2191625181cb4f337f9cb64b471f10c1a12aa8b60077", size = 18464252, upload-time = "2026-07-04T17:07:50.684Z" },
    { url = "https://files.pythonhosted.org/packages/94/a8/f98e50356cf167df656c526c2dfeec2d7dde182f2a3da4b458a5938e2776/numpy-2.5.1-cp314-cp314t-win32.whl", hash = "sha256:6eab239876581b2b3c5a242281b6007bbdbcd1c7085d7709bb57c5929b11e6bf", size = 6263298, upload-time = "2026-07-04T17:07:53.445Z" },
    { url = "https://files.pythonhosted.org/packages/72/ac/96ae880cdecad0b3275d9359fcec72667b49a4863c9f12942e43679dda02/numpy-2.5.1-cp314-cp314t-win_amd64.whl", hash = "sha256:83ce9c80d5b521b0d77ddcbe5447c218d247929b6cc056ca5351342accfff0af", size = 12748623, upload-time = "2026-07-04T17:07:55.384Z" },
    { url = "https://files.pythonhosted.org/packages/a1/5a/4d2b1601df3602dba7a14f3348ba9bfe94a18adb428e693df6154c293831/numpy-2.5.1-cp314-cp314t-win_arm64.whl", hash = "sha256:5a6db61f9aaa57e369905c67d852045d3c4f7126405b29d09b19dec118e9c9cb", size = 10697674, upload-time = "2026-07-04T17:07:58.506Z" },
]

[[package]]
name = "packaging"
version = "26.3"
source = { registry = "https://pypi.org/simple" }
sdist = { url = "https://files.pythonhosted.org/packages/7d/fa/3944b40b07da9ce895c0e6303a5ab7d53da063554f534556b134a54d6093/packaging-26.3.tar.gz", hash = "sha256:94edc256424af38762eb31306eed28beb9f0efc50a8837492c9d6fd6004aed79", size = 313412, upload-time = "2026-08-04T18:15:28.737Z" }
wheels = [
    { url = "https://files.pythonhosted.org/packages/63/34/ba1c580383c9eada3711951fef0795c80b829a078d72188184bcab9dd527/packaging-26.3-py3-none-any.whl", hash = "sha256:d7193f7c8e4e93f444fde0262bf90af30e16fa0ad0ad44cb553c87339b23cd1c", size = 129956, upload-time = "2026-08-04T18:15:27.159Z" },
]

[[package]]
name = "pefile"
version = "2024.8.26"
source = { registry = "https://pypi.org/simple" }
sdist = { url = "https://files.pythonhosted.org/packages/03/4f/2750f7f6f025a1507cd3b7218691671eecfd0bbebebe8b39aa0fe1d360b8/pefile-2024.8.26.tar.gz", hash = "sha256:3ff6c5d8b43e8c37bb6e6dd5085658d658a7a0bdcd20b6a07b1fcfc1c4e9d632", size = 76008, upload-time = "2024-08-26T20:58:38.155Z" }
wheels = [
    { url = "https://files.pythonhosted.org/packages/54/16/12b82f791c7f50ddec566873d5bdd245baa1491bac11d15ffb98aecc8f8b/pefile-2024.8.26-py3-none-any.whl", hash = "sha256:76f8b485dcd3b1bb8166f1128d395fa3d87af26360c2358fb75b80019b957c6f", size = 74766, upload-time = "2024-08-26T21:01:02.632Z" },
]

[[package]]
name = "pyinstaller"
version = "6.21.0"
source = { registry = "https://pypi.org/simple" }
dependencies = [
    { name = "altgraph" },
    { name = "macholib", marker = "sys_platform == 'darwin'" },
    { name = "packaging" },
    { name = "pefile", marker = "sys_platform == 'win32'" },
    { name = "pyinstaller-hooks-contrib" },
    { name = "pywin32-ctypes", marker = "sys_platform == 'win32'" },
    { name = "setuptools" },
]
sdist = { url = "https://files.pythonhosted.org/packages/d5/4d/ec706c3fcf39e26888c35b39615ff4d5865d184069666c47492cff1fbe50/pyinstaller-6.21.0.tar.gz", hash = "sha256:bb9fab705983e393a2d1cac77d6972513057ad800215fd861dc15ff5272e98fd", size = 4061519, upload-time = "2026-06-13T14:15:06.25Z" }
wheels = [
    { url = "https://files.pythonhosted.org/packages/0c/4a/53cf98bf66daed012dc9cd78c8203f19a675d696f2fc12afcf8c5049a0e0/pyinstaller-6.21.0-py3-none-macosx_10_13_universal2.whl", hash = "sha256:327d132389f37912609e01be62810cf96b5aa95b613903e4b8692e0d12fb0eda", size = 1052350, upload-time = "2026-06-13T14:13:55.88Z" },
    { url = "https://files.pythonhosted.org/packages/30/83/b591295c352ef464c50b4c6ffff1c4f771d875c9e833f578d1b9f564f6b3/pyinstaller-6.21.0-py3-none-manylinux2014_aarch64.whl", hash = "sha256:7071d4b094d5b40deeef5fa3d3b98a1b846087f7562b49209663d5f9281fe251", size = 748477, upload-time = "2026-06-13T14:14:00.327Z" },
    { url = "https://files.pythonhosted.org/packages/3d/8f/88fff4e403873b1e22286911350e75ff00db014aa08e57045da9d4328993/pyinstaller-6.21.0-py3-none-manylinux2014_i686.whl", hash = "sha256:6b6374d652107dd4a2eeece903ff82bb4045bb5e1006c5a158a6dcdbefe84bf2", size = 760877, upload-time = "2026-06-13T14:14:04.836Z" },
    { url = "https://files.pythonhosted.org/packages/8a/13/f0e48fbdfd1d05d948157121cea8b1b823dcb89efe6934b71fdd8bdb3f0f/pyinstaller-6.21.0-py3-none-manylinux2014_ppc64le.whl", hash = "sha256:4e3108b3f02384560da70e39b8bf22b0ad597d02bd68a40d76ea91c1cfa00cad", size = 759194, upload-time = "2026-06-13T14:14:10.61Z" },
    { url = "https://files.pythonhosted.org/packages/dd/d5/ea7878cf9924ed30d946d8288777424e6d069d94f5bde56b4d0890069664/pyinstaller-6.21.0-py3-none-manylinux2014_s390x.whl", hash = "sha256:697532279f535ad572bda613db4f821540e235c7854ca6da4d3bf0373f4415ee", size = 754979, upload-time = "2026-06-13T14:14:15.226Z" },
    { url = "https://files.pythonhosted.org/packages/9f/09/51b8905714b733bac66dbc041a7821372d70d888d273ae474c4037d4202d/pyinstaller-6.21.0-py3-none-manylinux2014_x86_64.whl", hash = "sha256:605169523a6b5ace39f13dfbff21add9f2bc43df99c7daf9394fefb2c45e8b6f", size = 754812, upload-time = "2026-06-13T14:14:20.264Z" },
    { url = "https://files.pythonhosted.org/packages/4b/43/d77779439d8c6c2e27a77bcfbd1d5cc0f568ebb611bb472b11af81b5f177/pyinstaller-6.21.0-py3-none-musllinux_1_1_aarch64.whl", hash = "sha256:5fa56746c1e76f93634d018502301378a2d0c382553d37d8c3c34ff436c12dd1", size = 753887, upload-time = "2026-06-13T14:14:25.268Z" },
    { url = "https://files.pythonhosted.org/packages/51/8f/c22df1f6837784ac349057ba693f08e7b1ca7a0e06f9c33c63bc6280007b/pyinstaller-6.21.0-py3-none-musllinux_1_1_x86_64.whl", hash = "sha256:42395ec76df8e8120c36b13339d9db8cab83e316a12839ee303cc00fc941bb74", size = 753779, upload-time = "2026-06-13T14:14:29.445Z" },
    { url = "https://files.pythonhosted.org/packages/c9/76/1ce8a27ce62ba8cf3a87c9ce6d575610f4e55d7cb0123e7512fc3f4b921a/pyinstaller-6.21.0-py3-none-win32.whl", hash = "sha256:c6b28d30d8fd99ce162ff3aab5013ed44dbfb747566b1f01b9bed7964d7c14e9", size = 1336462, upload-time = "2026-06-13T14:14:35.785Z" },
    { url = "https://files.pythonhosted.org/packages/c1/fa/ca1d7e5257dd8566a9dfc0dfb02f8a8075eeb53d4b2d3c579f1276759042/pyinstaller-6.21.0-py3-none-win_amd64.whl", hash = "sha256:7fae06c494ce0ebfe6bd3055c0e409def884f63af2e3705d06bd431ad9237fc7", size = 1397487, upload-time = "2026-06-13T14:14:42.328Z" },
    { url = "https://files.pythonhosted.org/packages/dc/75/21b51523ce8d96629b71311775a0a65f5f5a872124ab0de33e5c848f8bff/pyinstaller-6.21.0-py3-none-win_arm64.whl", hash = "sha256:f13c95c9c03fb567217135919f93815c305813126780b0ed6e0123cb8acaf025", size = 1346094, upload-time = "2026-06-13T14:14:48.914Z" },
]

[[package]]
name = "pyinstaller-hooks-contrib"
version = "2026.6"
source = { registry = "https://pypi.org/simple" }
dependencies = [
    { name = "packaging" },
]
sdist = { url = "https://files.pythonhosted.org/packages/94/5b/c9fe0db5e83ee1c39b2258fa21d23b15e1a60786b6c5990ee5074ead8bb6/pyinstaller_hooks_contrib-2026.6.tar.gz", hash = "sha256:bef5002c32f4f50bd55b005da12cff64eca8783e7eaf86a06a62410164bab725", size = 173354, upload-time = "2026-06-08T22:37:16.152Z" }
wheels = [
    { url = "https://files.pythonhosted.org/packages/e7/31/f2d7343d8ed5f7c4678377886f6ce533e6eaaa131b252ce950114c2a7efa/pyinstaller_hooks_contrib-2026.6-py3-none-any.whl", hash = "sha256:fd13b8ac126b35361175edacd41a0d97080b75dd5f4b594ecefefff969509dd3", size = 457159, upload-time = "2026-06-08T22:37:14.722Z" },
]

[[package]]
name = "pyobjc-core"
version = "12.2.1"
source = { registry = "https://pypi.org/simple" }
sdist = { url = "https://files.pythonhosted.org/packages/b4/b1/729f7458a63758bd21716648a8abcd9a0c8f2d2e9897763c8a1a1c7fd31b/pyobjc_core-12.2.1.tar.gz", hash = "sha256:7a7b9b018402342cf32bf1956366896350fbe5c0478cb3ef59778f77abed7f07", size = 1063383, upload-time = "2026-06-19T16:19:39.357Z" }
wheels = [
    { url = "https://files.pythonhosted.org/packages/bd/8a/cfa4f56939d554dbb342ec6e5226a441e2f552bc2002a0ddf7705bb11bef/pyobjc_core-12.2.1-cp314-cp314-macosx_10_15_universal2.whl", hash = "sha256:2b8fc0531c27277325e113ac00b8a72a82e6145f0a88175b9425d8de814ff69a", size = 6429289, upload-time = "2026-06-19T16:05:02.191Z" },
    { url = "https://files.pythonhosted.org/packages/42/74/446c89bc18103aaa4a00d1fb85ff8acace9a0dc3f362d9678ebf7571e275/pyobjc_core-12.2.1-cp314-cp314t-macosx_10_15_universal2.whl", hash = "sha256:9bef500f979e22d54f9da3aaebf6a48f873234b324858bd69256055a318955c7", size = 6690181, upload-time = "2026-06-19T16:05:06.201Z" },
    { url = "https://files.pythonhosted.org/packages/99/c7/0121ee4c616af07ad2de8cd1a286f6978dc9a227eb58b7c2e875cb68a1df/pyobjc_core-12.2.1-cp315-cp315-macosx_10_15_universal2.whl", hash = "sha256:047c226eeb58a2993ace5e8904e71cc9426ee20d064c617f8fbf32717d37093e", size = 6487078, upload-time = "2026-06-19T16:05:10.093Z" },
    { url = "https://files.pythonhosted.org/packages/b5/a8/cb9fcc150f97d0bf22a2028f88b24cc35949beb1bcc7b8bc5c17d4401677/pyobjc_core-12.2.1-cp315-cp315t-macosx_10_15_universal2.whl", hash = "sha256:1188613805336270279570467e4455b74cb6c0f60913ac74c917ee1c37cfaecb", size = 6733064, upload-time = "2026-06-19T16:05:14.313Z" },
]

[[package]]
name = "pyobjc-framework-avfoundation"
version = "12.2.1"
source = { registry = "https://pypi.org/simple" }
dependencies = [
    { name = "pyobjc-core" },
    { name = "pyobjc-framework-cocoa" },
    { name = "pyobjc-framework-coreaudio" },
    { name = "pyobjc-framework-coremedia" },
    { name = "pyobjc-framework-quartz" },
]
sdist = { url = "https://files.pythonhosted.org/packages/2e/26/7616f0bc8e4eaaba948cf5d220c8f55e0f54f617a2812392a82f19c30f39/pyobjc_framework_avfoundation-12.2.1.tar.gz", hash = "sha256:2735e4f1c345d2b533541577e292f3ad2f75d19200eff99f1a2db16d78b4f1a3", size = 410329, upload-time = "2026-06-19T16:19:52.413Z" }
wheels = [
    { url = "https://files.pythonhosted.org/packages/4a/a2/4a65d749d57dd16b034ee0935b7daa1228e8a735bf920e9eab9f4aaa9f1e/pyobjc_framework_avfoundation-12.2.1-cp314-cp314-macosx_10_15_universal2.whl", hash = "sha256:043aedd86adbc0a3bfe8f76d1a1ce920539e47b5dd5d965358f93e0063c9a53d", size = 85836, upload-time = "2026-06-19T16:06:25.377Z" },
    { url = "https://files.pythonhosted.org/packages/bc/49/b9e8f51821a9e5a4a76bea7ab10c2dc1b51b8a141cf4bccbba022f2db19f/pyobjc_framework_avfoundation-12.2.1-cp314-cp314t-macosx_10_15_universal2.whl", hash = "sha256:50e2b65e5c3845eb8ad0d37868a7f040656fe69e6c03f4282670e7dc52ed7a4a", size = 86173, upload-time = "2026-06-19T16:06:26.423Z" },
    { url = "https://files.pythonhosted.org/packages/e1/3d/eda090c53a98293d6ad78eb2a0639e9ab402c14555c2d9e3c311fc482051/pyobjc_framework_avfoundation-12.2.1-cp315-cp315-macosx_10_15_universal2.whl", hash = "sha256:3f74e199c933df54020b972b985af5a5d2e63134278ea02dfd81923976500794", size = 85889, upload-time = "2026-06-19T16:06:27.517Z" },
    { url = "https://files.pythonhosted.org/packages/a4/58/88126080195ab3fc95b08562ce30f9f599bdabf282b3a4e57bd2c8c2595c/pyobjc_framework_avfoundation-12.2.1-cp315-cp315t-macosx_10_15_universal2.whl", hash = "sha256:1ec2fdfe6eee51f12e7d933e0109ea8ad553acf4301c01f46b79d0a9d378d705", size = 86232, upload-time = "2026-06-19T16:06:28.535Z" },
]

[[package]]
name = "pyobjc-framework-cocoa"
version = "12.2.1"
source = { registry = "https://pypi.org/simple" }
dependencies = [
    { name = "pyobjc-core" },
]
sdist = { url = "https://files.pythonhosted.org/packages/51/34/fbe38a204643aa4e1b91391cdce07a34da565a69171ebcad08de7438a556/pyobjc_framework_cocoa-12.2.1.tar.gz", hash = "sha256:b94b37fe5730e5ae1fb0052912cd174e6ec329b0bfba4a012ae5db1014b5864b", size = 3125751, upload-time = "2026-06-19T16:20:05.159Z" }
wheels = [
    { url = "https://files.pythonhosted.org/packages/ec/c8/b90baa8f3592eded79b4be98fb59d2b8dc16b62361e34292bd95806ebd9f/pyobjc_framework_cocoa-12.2.1-cp314-cp314-macosx_10_15_universal2.whl", hash = "sha256:b386c324d64ae565c1f6b7dfb77be68f640a1c7c23caa6966ab661131f519561", size = 388357, upload-time = "2026-06-19T16:07:43.364Z" },
    { url = "https://files.pythonhosted.org/packages/98/d8/64a94651b9294702d55e748d94de30e25bc59d0784526be7643f4467eccd/pyobjc_framework_cocoa-12.2.1-cp314-cp314t-macosx_10_15_universal2.whl", hash = "sha256:a6c584e2af0813cb2f6103b184e632665a26f58c1bd5b08ffd6e95a19c617f7b", size = 392404, upload-time = "2026-06-19T16:07:44.955Z" },
    { url = "https://files.pythonhosted.org/packages/5c/cc/26e8a7bf1f5e8caa38b7f80d486296f9fd3c97e71ad7e5444ef22e802758/pyobjc_framework_cocoa-12.2.1-cp315-cp315-macosx_10_15_universal2.whl", hash = "sha256:b6023657b8d6cc049a21bd6b4752425f2f53c42f9f0b02d64c7608cc484bf103", size = 388589, upload-time = "2026-06-19T16:07:46.276Z" },
    { url = "https://files.pythonhosted.org/packages/b6/f3/eedf743a303ea742b8e082afe3613fb4d6618bc1a48cf2568b004ce906f7/pyobjc_framework_cocoa-12.2.1-cp315-cp315t-macosx_10_15_universal2.whl", hash = "sha256:c685ccd8e266a07cf912a2c5a13b1f2eff2a868a1aff163b4801b4687bd425e1", size = 392691, upload-time = "2026-06-19T16:07:47.477Z" },
]

[[package]]
name = "pyobjc-framework-coreaudio"
version = "12.2.1"
source = { registry = "https://pypi.org/simple" }
dependencies = [
    { name = "pyobjc-core" },
    { name = "pyobjc-framework-cocoa" },
]
sdist = { url = "https://files.pythonhosted.org/packages/ad/df/f1d402bb7b437374f942bb19410a955a74291867c77a920d9c13887d9e48/pyobjc_framework_coreaudio-12.2.1.tar.gz", hash = "sha256:7dfbf1851523aed453af43a628e057d8950d6e020574aa497a2e4f559b6383c8", size = 78690, upload-time = "2026-06-19T16:20:10.586Z" }
wheels = [
    { url = "https://files.pythonhosted.org/packages/ad/a4/6495dd34b1ed7a0e8f6d672577da62a92b166a0bc2ded8e55e552cbe5ad2/pyobjc_framework_coreaudio-12.2.1-cp314-cp314-macosx_10_15_universal2.whl", hash = "sha256:efb79709371f29139f44adc36bd6c32d5a3a0ff3ffd0c5f3f372275cef893b18", size = 36697, upload-time = "2026-06-19T16:08:14.407Z" },
    { url = "https://files.pythonhosted.org/packages/cd/9e/9f0cba5b973a5c8041edb75cf0870f40324437721428b1baceb437553e3f/pyobjc_framework_coreaudio-12.2.1-cp314-cp314t-macosx_10_15_universal2.whl", hash = "sha256:9c06b9d7ee3b2a76dd171de519f571d09bdebd85f40b5960d16f711395513cdd", size = 38300, upload-time = "2026-06-19T16:08:15.297Z" },
    { url = "https://files.pythonhosted.org/packages/a1/13/e8df283cdd73dec1b97033be04a89a05e17714c8e2229f2a2e5a44f377c7/pyobjc_framework_coreaudio-12.2.1-cp315-cp315-macosx_10_15_universal2.whl", hash = "sha256:51be22e4fac73ba4b26ee34c457ac94f56218e4e9c1494f8f4e7dfe9dbb6a15f", size = 36723, upload-time = "2026-06-19T16:08:16.247Z" },
    { url = "https://files.pythonhosted.org/packages/5e/b2/c76ddff169b45d7239468f44bf4af3ff431c014fbf0aa5dbbfcc099672f8/pyobjc_framework_coreaudio-12.2.1-cp315-cp315t-macosx_10_15_universal2.whl", hash = "sha256:18717e6e106556fd4ffd0bdf6a6dae796fc9100c6b373e664437604dd0b9e94d", size = 38333, upload-time = "2026-06-19T16:08:17.264Z" },
]

[[package]]
name = "pyobjc-framework-coremedia"
version = "12.2.1"
source = { registry = "https://pypi.org/simple" }
dependencies = [
    { name = "pyobjc-core" },
    { name = "pyobjc-framework-cocoa" },
]
sdist = { url = "https://files.pythonhosted.org/packages/e3/79/f501d730a9c320e0b2b3916e95f57e66dd6736d210a1aa5b63eb6c43e605/pyobjc_framework_coremedia-12.2.1.tar.gz", hash = "sha256:71b45f7cd52bd997d836c15a0e1016db90815a219dc87fd20435a6f08b87df7b", size = 98252, upload-time = "2026-06-19T16:20:15.75Z" }
wheels = [
    { url = "https://files.pythonhosted.org/packages/16/dc/7083e6781fcd843d210ec6d247d28c6e1032ea1c5655b9e1182d0a85f331/pyobjc_framework_coremedia-12.2.1-cp314-cp314-macosx_10_15_universal2.whl", hash = "sha256:84e9fb3f7b6420fc3865a5812604c63546b5777f4999e0e0e830a9a0816e8743", size = 29468, upload-time = "2026-06-19T16:08:56.129Z" },
    { url = "https://files.pythonhosted.org/packages/11/74/edb3ec87d2e5f962c75af990207e4df39b290f11b4f4c3cc446ee141e4e7/pyobjc_framework_coremedia-12.2.1-cp314-cp314t-macosx_10_15_universal2.whl", hash = "sha256:541d64d2fc7576054bdc3508a94f37671e81e5ca1582e16ebec2c0e05dd75412", size = 29519, upload-time = "2026-06-19T16:08:56.956Z" },
    { url = "https://files.pythonhosted.org/packages/28/0f/9176b6a7666e46273c0392c8f77bc812e006dc74a1c21263c4bdf385012f/pyobjc_framework_coremedia-12.2.1-cp315-cp315-macosx_10_15_universal2.whl", hash = "sha256:2a355770b66b4caf99560c11af44dfeca53066ece75807fc6a391a16369ccc72", size = 29502, upload-time = "2026-06-19T16:08:57.918Z" },
    { url = "https://files.pythonhosted.org/packages/a5/27/13e7d8d16528734690f83abd901cbc53dd6f7c1adbcb3a902166735c6c21/pyobjc_framework_coremedia-12.2.1-cp315-cp315t-macosx_10_15_universal2.whl", hash = "sha256:5536453ba631227810a1141fb1761149244bd6d0e7cd4b12477be3b164f5bb11", size = 29555, upload-time = "2026-06-19T16:08:58.792Z" },
]

[[package]]
name = "pyobjc-framework-coreml"
version = "12.2.1"
source = { registry = "https://pypi.org/simple" }
dependencies = [
    { name = "pyobjc-core" },
    { name = "pyobjc-framework-cocoa" },
]
sdist = { url = "https://files.pythonhosted.org/packages/98/1e/7d2db3e4468eb04cc92264be83113d86eea4f96302742437de695a445d6d/pyobjc_framework_coreml-12.2.1.tar.gz", hash = "sha256:ef3c2b6a160891b44173235603d10174929656b9c206d6f2f443fe2aa903c2cb", size = 49272, upload-time = "2026-06-19T16:20:18.459Z" }
wheels = [
    { url = "https://files.pythonhosted.org/packages/09/77/957af9b9afcb8de21cbc3e0b58f29c28bbfa6b560643e1de0fa259a39092/pyobjc_framework_coreml-12.2.1-cp314-cp314-macosx_10_15_universal2.whl", hash = "sha256:554b423411890d26a03628bb43f848d45656980b4cd43e8f91f84b52347f0b66", size = 12028, upload-time = "2026-06-19T16:09:20.761Z" },
    { url = "https://files.pythonhosted.org/packages/a3/4c/10bf963e3dabd5354e64697b7ae847586169c37638da645f3af33165231a/pyobjc_framework_coreml-12.2.1-cp314-cp314t-macosx_10_15_universal2.whl", hash = "sha256:6e2d71048e80c27c7c0fdd01b9ec5d309c873cb2c4da64578f13d842298a9186", size = 12207, upload-time = "2026-06-19T16:09:21.612Z" },
    { url = "https://files.pythonhosted.org/packages/21/ce/2c00c20db21112955aecc3b673da804734201a62bd9ba53e4d47b90acb83/pyobjc_framework_coreml-12.2.1-cp315-cp315-macosx_10_15_universal2.whl", hash = "sha256:52dbdd00da500253ed8b21193ee0a4ba5c45e155fbe0d64448ba2c6666552f36", size = 12029, upload-time = "2026-06-19T16:09:22.382Z" },
    { url = "https://files.pythonhosted.org/packages/d7/53/d0401ecbbab4729b0b5a9a4eb8dd1a9bd40455ddacbae8dbc2aedb332286/pyobjc_framework_coreml-12.2.1-cp315-cp315t-macosx_10_15_universal2.whl", hash = "sha256:d1cda08f258e30f5c92925d377a35bf5cd4a244911a4fb2196505431d2462ed8", size = 12198, upload-time = "2026-06-19T16:09:23.3Z" },
]

[[package]]
name = "pyobjc-framework-quartz"
version = "12.2.1"
source = { registry = "https://pypi.org/simple" }
dependencies = [
    { name = "pyobjc-core" },
    { name = "pyobjc-framework-cocoa" },
]
sdist = { url = "https://files.pythonhosted.org/packages/3b/f6/2a8b84dbf1fe7c04dd96ea73d991678d4e09a909f51971ecc51629bb2ab4/pyobjc_framework_quartz-12.2.1.tar.gz", hash = "sha256:b3b8b6f71e66147f8ff9e6213864cc8527e3a0b1ee90835b93ce221f4802d9b0", size = 3215521, upload-time = "2026-06-19T16:21:30.199Z" }
wheels = [
    { url = "https://files.pythonhosted.org/packages/8b/5d/85ffd9d433989205d572a50d625c63b29c05e0c5235a725f15ae1023672c/pyobjc_framework_quartz-12.2.1-cp314-cp314-macosx_10_15_universal2.whl", hash = "sha256:ceb56939c337b36d9d81185ade31f77dc52c85cf79bb16e53e9b32f54b6bb3f5", size = 219769, upload-time = "2026-06-19T16:16:08.814Z" },
    { url = "https://files.pythonhosted.org/packages/e2/d6/b917e4b63d72ea84a27121076f3033f23f6497c0e6ce8d304766c899897f/pyobjc_framework_quartz-12.2.1-cp314-cp314t-macosx_10_15_universal2.whl", hash = "sha256:8105c98b798f2bf81c05c54bddeeadbf62f0b5dfec13bd6e719dd2cdf7e1cddf", size = 224717, upload-time = "2026-06-19T16:16:10.215Z" },
    { url = "https://files.pythonhosted.org/packages/04/e2/f3c1ed3228f7430ef5ade23db6f1fcbae99290f177ce5653348fd9e05f4d/pyobjc_framework_quartz-12.2.1-cp315-cp315-macosx_10_15_universal2.whl", hash = "sha256:bbc214f1a216b5d3651bc832d0ac4589f029f3f37cd6cbb370aac12a7c77942c", size = 219825, upload-time = "2026-06-19T16:16:11.433Z" },
    { url = "https://files.pythonhosted.org/packages/66/2a/2c99a5ad2fe0a11600ea123b8e9a08ff138fcb2ad1e13e376f4bd4aa1d96/pyobjc_framework_quartz-12.2.1-cp315-cp315t-macosx_10_15_universal2.whl", hash = "sha256:ca61624a0b0e6286d8a0f97f47eb9011e4e81e9a339db436d48af527e7065bb1", size = 224770, upload-time = "2026-06-19T16:16:13.035Z" },
]

[[package]]
name = "pyobjc-framework-vision"
version = "12.2.1"
source = { registry = "https://pypi.org/simple" }
dependencies = [
    { name = "pyobjc-core" },
    { name = "pyobjc-framework-cocoa" },
    { name = "pyobjc-framework-coreml" },
    { name = "pyobjc-framework-quartz" },
]
sdist = { url = "https://files.pythonhosted.org/packages/0e/7a/1fdffff1b6bf124b260a2169869f4b71a08b9f6603698f7dec990d5ae5f3/pyobjc_framework_vision-12.2.1.tar.gz", hash = "sha256:debfd59dd7d962a6053bf733370148c11a9ec44091b517a0966f48d81c305879", size = 72683, upload-time = "2026-06-19T16:22:01.102Z" }
wheels = [
    { url = "https://files.pythonhosted.org/packages/f1/76/67d7098ab8e3d55b24425feccf452620f234d558400d9e5eb7ca56c60a9d/pyobjc_framework_vision-12.2.1-cp314-cp314-macosx_10_15_universal2.whl", hash = "sha256:da4f6811c23bdfa701ed727d6e46a83729606476cee435c2461f0f25579b8080", size = 16939, upload-time = "2026-06-19T16:19:25.627Z" },
    { url = "https://files.pythonhosted.org/packages/97/99/9b46821533d1b138e69a230cc17ee6a7be24bcb6093daf6ab2096fdc21d5/pyobjc_framework_vision-12.2.1-cp314-cp314t-macosx_10_15_universal2.whl", hash = "sha256:a319b6e809ac03c41fbbcb1b8e449c8bc9b6e2b0e06c3c67cbe4ce8e040a1f78", size = 17097, upload-time = "2026-06-19T16:19:26.538Z" },
    { url = "https://files.pythonhosted.org/packages/39/6d/74e275165801d0309f9915b0def9b73f546b1ab378892f86e5bb26a2f2d3/pyobjc_framework_vision-12.2.1-cp315-cp315-macosx_10_15_universal2.whl", hash = "sha256:2dd7ce3563afbbcbc10d9bb5e777b3d0cd77d4d5a9f7b0c32d0f65eeb5d34f0f", size = 16927, upload-time = "2026-06-19T16:19:27.351Z" },
    { url = "https://files.pythonhosted.org/packages/d0/39/e2b0286125ddbe475e74de668b470b8d9bec7a26cd95de70178f8b382ca4/pyobjc_framework_vision-12.2.1-cp315-cp315t-macosx_10_15_universal2.whl", hash = "sha256:5aafb8fd87b5580b98a9f4a6de18013fd000f78a5f0930b2160fa82775de84fd", size = 17097, upload-time = "2026-06-19T16:19:28.232Z" },
]

[[package]]
name = "pypinyin"
version = "0.55.0"
source = { registry = "https://pypi.org/simple" }
sdist = { url = "https://files.pythonhosted.org/packages/b4/a4/784cf98c09e0dc22776b0d7d8a4a5b761218bcae4608c2416ce1e167c8af/pypinyin-0.55.0.tar.gz", hash = "sha256:b5711b3a0c6f76e67408ec6b2e3c4987a3a806b7c528076e7c7b86fcf0eaa66b", size = 839836, upload-time = "2025-07-20T12:01:50.657Z" }
wheels = [
    { url = "https://files.pythonhosted.org/packages/b9/7b/4cabc76fcc21c3c7d5c671d8783984d30ac9d3bb387c4ba784fca3cdfa3a/pypinyin-0.55.0-py2.py3-none-any.whl", hash = "sha256:d53b1e8ad2cdb815fb2cb604ed3123372f5a28c6f447571244aca36fc62a286f", size = 840203, upload-time = "2025-07-20T12:01:48.535Z" },
]

[[package]]
name = "pywin32-ctypes"
version = "0.2.3"
source = { registry = "https://pypi.org/simple" }
sdist = { url = "https://files.pythonhosted.org/packages/85/9f/01a1a99704853cb63f253eea009390c88e7131c67e66a0a02099a8c917cb/pywin32-ctypes-0.2.3.tar.gz", hash = "sha256:d162dc04946d704503b2edc4d55f3dba5c1d539ead017afa00142c38b9885755", size = 29471, upload-time = "2024-08-14T10:15:34.626Z" }
wheels = [
    { url = "https://files.pythonhosted.org/packages/de/3d/8161f7711c017e01ac9f008dfddd9410dff3674334c233bde66e7ba65bbf/pywin32_ctypes-0.2.3-py3-none-any.whl", hash = "sha256:8a1513379d709975552d202d942d9837758905c8d01eb82b8bcc30918929e7b8", size = 30756, upload-time = "2024-08-14T10:15:33.187Z" },
]

[[package]]
name = "setuptools"
version = "83.0.0"
source = { registry = "https://pypi.org/simple" }
sdist = { url = "https://files.pythonhosted.org/packages/34/26/f5d29e25ffdb535afef2d35cdb55b325298f96debd670da4c325e08d70f4/setuptools-83.0.0.tar.gz", hash = "sha256:025bccbbf0fa05b6192bc64ae1e7b16e001fd6d6d4d5de03c97b1c1ade523bef", size = 1154254, upload-time = "2026-07-04T15:31:22.699Z" }
wheels = [
    { url = "https://files.pythonhosted.org/packages/5d/40/e1e72872c6354b306daef1703549e8e83b4d43cfea356311bf722a043752/setuptools-83.0.0-py3-none-any.whl", hash = "sha256:29b23c360f22f414dc7336bb39178cc7bcbf6021ed2733cde173f09dba19abb3", size = 1008090, upload-time = "2026-07-04T15:31:20.885Z" },
]

[[package]]
name = "simplemma"
version = "1.2.0"
source = { registry = "https://pypi.org/simple" }
sdist = { url = "https://files.pythonhosted.org/packages/e8/21/11ae67cc092d4109be9c80df42441bf0f438a20ff7d22e44658fa3cdb0d9/simplemma-1.2.0.tar.gz", hash = "sha256:f561a9f0f41400d52ed4a0674a3e0423df64c41f5390602d2f071d6b687c5e68", size = 67542207, upload-time = "2026-06-01T17:16:52.937Z" }
wheels = [
    { url = "https://files.pythonhosted.org/packages/32/29/ec27f68195841041b583661f4094a4edfd83601a8db43ab2901b4c4ae229/simplemma-1.2.0-py3-none-any.whl", hash = "sha256:a02fcbbb9eecc9c0e56eaea0c482eb43bf8bec8e33f45024b321a483bf77d854", size = 67520844, upload-time = "2026-06-01T17:16:25.604Z" },
]

[[package]]
name = "translation-lens-macos"
version = "0.1.0"
source = { editable = "." }
dependencies = [
    { name = "jieba" },
    { name = "numpy" },
    { name = "pyinstaller" },
    { name = "pyobjc-core" },
    { name = "pyobjc-framework-avfoundation" },
    { name = "pyobjc-framework-cocoa" },
    { name = "pyobjc-framework-quartz" },
    { name = "pyobjc-framework-vision" },
    { name = "pypinyin" },
    { name = "simplemma" },
]

[package.metadata]
requires-dist = [
    { name = "jieba", specifier = ">=0.42.1" },
    { name = "numpy", specifier = ">=2.5.1" },
    { name = "pyinstaller", specifier = ">=6.21.0" },
    { name = "pyobjc-core", specifier = ">=12.2.1" },
    { name = "pyobjc-framework-avfoundation", specifier = ">=12.2.1" },
    { name = "pyobjc-framework-cocoa", specifier = ">=12.2.1" },
    { name = "pyobjc-framework-quartz", specifier = ">=12.2.1" },
    { name = "pyobjc-framework-vision", specifier = ">=12.2.1" },
    { name = "pypinyin", specifier = ">=0.55.0" },
    { name = "simplemma", specifier = ">=1.1.2" },
]
