version = 1
revision = 3
requires-python = ">=3.14"

[[package]]
name = "altgraph"
version = "0.17.5"
source = { registry = "https://pypi.org/simple" }
sdist = { url = "https://files.pythonhosted.org/packages/7e/f8/97fdf103f38fed6792a1601dbc16cc8aac56e7459a9fff08c812d8ae177a/altgraph-0.17.5.tar.gz", hash = "sha256:c87b395dd12fabde9c99573a9749d67da8d29ef9de0125c7f536699b4a9bc9e7", size = 48428, upload-time = "2025-11-21T20:35:50.583Z" }
wheels = [
    { url = "https://files.pythonhosted.org/packages/a9/ba/000a1996d4308bc65120167c21241a3b205464a2e0b58deda26ae8ac21d1/altgraph-0.17.5-py2.py3-none-any.whl", hash = "sha256:f3a22400bce1b0c701683820ac4f3b159cd301acab067c51c653e06961600597", size = 21228, upload-time = "2025-11-21T20:35:49.444Z" },
]

[[package]]
name = "jieba"
version = "0.42.1"
source = { registry = "https://pypi.org/simple" }
sdist = { url = "https://files.pythonhosted.org/packages/c6/cb/18eeb235f833b726522d7ebed54f2278ce28ba9438e3135ab0278d9792a2/jieba-0.42.1.tar.gz", hash = "sha256:055ca12f62674fafed09427f176506079bc135638a14e23e25be909131928db2", size = 19214172, upload-time = "2020-01-20T14:27:23.5Z" }

[[package]]
name = "macholib"
version = "1.16.4"
source = { registry = "https://pypi.org/simple" }
dependencies = [
    { name = "altgraph" },
]
sdist = { url = "https://files.pythonhosted.org/packages/10/2f/97589876ea967487978071c9042518d28b958d87b17dceb7cdc1d881f963/macholib-1.16.4.tar.gz", hash = "sha256:f408c93ab2e995cd2c46e34fe328b130404be143469e41bc366c807448979362", size = 59427, upload-time = "2025-11-22T08:28:38.373Z" }
wheels = [
    { url = "https://files.pythonhosted.org/packages/c7/d1/a9f36f8ecdf0fb7c9b1e78c8d7af12b8c8754e74851ac7b94a8305540fc7/macholib-1.16.4-py2.py3-none-any.whl", hash = "sha256:da1a3fa8266e30f0ce7e97c6a54eefaae8edd1e5f86f3eb8b95457cae90265ea", size = 38117, upload-time = "2025-11-22T08:28:36.939Z" },
]

[[package]]
name = "packaging"
version = "26.3"
source = { registry = "https://pypi.org/simple" }
sdist = { url = "https://files.pythonhosted.org/packages/7d/fa/3944b40b07da9ce895c0e6303a5ab7d53da063554f534556b134a54d6093/packaging-26.3.tar.gz", hash = "sha256:94edc256424af38762eb31306eed28beb9f0efc50a8837492c9d6fd6004aed79", size = 313412, upload-time = "2026-08-04T18:15:28.737Z" }
wheels = [
    { url = "https://files.pythonhosted.org/packages/63/34/ba1c580383c9eada3711951fef0795c80b829a078d72188184bcab9dd527/packaging-26.3-py3-none-any.whl", hash = "sha256:d7193f7c8e4e93f444fde0262bf90af30e16fa0ad0ad44cb553c87339b23cd1c", size = 129956, upload-time = "2026-08-04T18:15:27.159Z" },
]

[[package]]
name = "pefile"
version = "2024.8.26"
source = { registry = "https://pypi.org/simple" }
sdist = { url = "https://files.pythonhosted.org/packages/03/4f/2750f7f6f025a1507cd3b7218691671eecfd0bbebebe8b39aa0fe1d360b8/pefile-2024.8.26.tar.gz", hash = "sha256:3ff6c5d8b43e8c37bb6e6dd5085658d658a7a0bdcd20b6a07b1fcfc1c4e9d632", size = 76008, upload-time = "2024-08-26T20:58:38.155Z" }
wheels = [
    { url = "https://files.pythonhosted.org/packages/54/16/12b82f791c7f50ddec566873d5bdd245baa1491bac11d15ffb98aecc8f8b/pefile-2024.8.26-py3-none-any.whl", hash = "sha256:76f8b485dcd3b1bb8166f1128d395fa3d87af26360c2358fb75b80019b957c6f", size = 74766, upload-time = "2024-08-26T21:01:02.632Z" },
]

[[package]]
name = "pyinstaller"
version = "6.22.3"
source = { registry = "https://pypi.org/simple" }
dependencies = [
    { name = "altgraph" },
    { name = "macholib", marker = "sys_platform == 'darwin'" },
    { name = "packaging" },
    { name = "pefile", marker = "sys_platform == 'win32'" },
    { name = "pyinstaller-hooks-contrib" },
    { name = "pywin32-ctypes", marker = "sys_platform == 'win32'" },
    { name = "setuptools" },
]
sdist = { url = "https://files.pythonhosted.org/packages/63/41/f90302845945abd4ed647933ff5ee7c6ac93983187be67f897b6cb613331/pyinstaller-6.22.3.tar.gz", hash = "sha256:05eb2f5615503e72939a7224d68b4aff572c6b0438ee4a17d0a4b481f399362d", size = 4437180, upload-time = "2026-09-12T21:54:09.669Z" }
wheels = [
    { url = "https://files.pythonhosted.org/packages/ec/af/898f70947e27f8e65d55183c780e77112e023c0b4a6fba6255d4d563a27d/pyinstaller-6.22.3-py3-none-macosx_10_13_universal2.whl", hash = "sha256:052f4a1cd4f81092ccb7a18fe8ebc9ecf832a5917317e39fb3775af4e959b253", size = 1071847, upload-time = "2026-09-12T21:53:01.711Z" },
    { url = "https://files.pythonhosted.org/packages/c4/96/99f5184985141c2b024bfa61335e9142ae444555224f303186e59b7bb438/pyinstaller-6.22.3-py3-none-manylinux2014_aarch64.whl", hash = "sha256:312da84b4b31ab9750066a823734c11b7c68757fdd67c9f038bf19c330a954e4", size = 758172, upload-time = "2026-09-12T21:53:06.171Z" },
    { url = "https://files.pythonhosted.org/packages/69/9f/9ccb12cc1e6617042cb028fe79f0a756f5f03305bd14b584a4e043fe3844/pyinstaller-6.22.3-py3-none-manylinux2014_i686.whl", hash = "sha256:020d4fe0627f5c73dfbcfad1a6578ef354d5fe4bdccd9d8e5a615528f5a45d2b", size = 772135, upload-time = "2026-09-12T21:53:10.291Z" },
    { url = "https://files.pythonhosted.org/packages/c1/43/4b1d5193a88628c052db89f064433681076959a9f41d0d9f660001b49079/pyinstaller-6.22.3-py3-none-manylinux2014_ppc64le.whl", hash = "sha256:9e4f7bd64b2103f14b4a6240fb9155e9fe7bc61391b4043bbddb7d3ebc8ab0fa", size = 770461, upload-time = "2026-09-12T21:53:14.592Z" },
    { url = "https://files.pythonhosted.org/packages/cb/83/f173f8757c618d83e116fa2b8e57c5cd796e5ad09792e664eabd6ac5edae/pyinstaller-6.22.3-py3-none-manylinux2014_s390x.whl", hash = "sha256:f82d0fb89f21c3ed6f482ee16f341bc59e8a31dbabb9bae9ef04e53ade4dc0d9", size = 764997, upload-time = "2026-09-12T21:53:19.079Z" },
    { url = "https://files.pythonhosted.org/packages/7b/b6/dd21d61fc5e25377be24eabf13e99e4e46548a5abe2bf7b15d8b3d9cc74a/pyinstaller-6.22.3-py3-none-manylinux2014_x86_64.whl", hash = "sha256:451a4ae14b719365bf1a2f0a99dae7b3463060061c3a394c70d5264cfb439528", size = 764974, upload-time = "2026-09-12T21:53:23.176Z" },
    { url = "https://files.pythonhosted.org/packages/6c/fd/d9590942972b1fc205519f7ccffb0d5cd8eb1d6fa61edad319c71d25baed/pyinstaller-6.22.3-py3-none-musllinux_1_1_aarch64.whl", hash = "sha256:ea240b5dfa831ff673c97505eee0ec24670bccf71396c83109440348944c83d0", size = 764450, upload-time = "2026-09-12T21:53:27.419Z" },
    { url = "https://files.pythonhosted.org/packages/72/d6/f22c55d1768433b65c460b19a3136dd9769b6c74b786149b829344654c7d/pyinstaller-6.22.3-py3-none-musllinux_1_1_x86_64.whl", hash = "sha256:a2b6fc26601e8c2596c3d54981566934a3382e85d05d0fe91b55b6a8dcc6b282", size = 763863, upload-time = "2026-09-12T21:53:31.609Z" },
    { url = "https://files.pythonhosted.org/packages/c5/87/cf28cfd42ceca889171e6dd5e7f1553d4372db83d047049ffb7cf95fcbd4/pyinstaller-6.22.3-py3-none-win32.whl", hash = "sha256:46a3e30a118341a1ec20667a5a95aa7e0aa8c4fa129893c0151b3eb3f801a722", size = 1390905, upload-time = "2026-09-12T21:53:38.133Z" },
    { url = "https://files.pythonhosted.org/packages/24/83/c5422204772a27aef643280fdc887b7ef55679989096b21dceb1b9625fc4/pyinstaller-6.22.3-py3-none-win_amd64.whl", hash = "sha256:500bd58c7bf7e584a8435adccbd763a0b918d5c12b08d74ff50fd79b2915458b", size = 1454907, upload-time = "2026-09-12T21:53:44.812Z" },
    { url = "https://files.pythonhosted.org/packages/67/2e/ebc93968bf63f81b122e205da116b16036b653b7ce2cc8ad86e3ddd19586/pyinstaller-6.22.3-py3-none-win_arm64.whl", hash = "sha256:31df3cc4261e804a53d358b7897c293ec8b88b167a7cca06c78018085c855f97", size = 1402956, upload-time = "2026-09-12T21:53:51.369Z" },
]

[[package]]
name = "pyinstaller-hooks-contrib"
version = "2026.7"
source = { registry = "https://pypi.org/simple" }
dependencies = [
    { name = "packaging" },
]
sdist = { url = "https://files.pythonhosted.org/packages/26/60/d881fa1ba8c160c18d8e6f782bb16ec4640c08bc08fc50f704c368ad4f9e/pyinstaller_hooks_contrib-2026.7.tar.gz", hash = "sha256:5fbcaacb22c4f4aac869a127dce283f67a4b4cfcc37d496f2446603e6d68aefa", size = 175992, upload-time = "2026-08-24T21:26:58.713Z" }
wheels = [
    { url = "https://files.pythonhosted.org/packages/0a/67/350377af7b50416344ab8792756d414eef7629c618a73e9a0b13bb1552d9/pyinstaller_hooks_contrib-2026.7-py3-none-any.whl", hash = "sha256:24257a04c7a5a7a034cf28e39dcee20fbeeb9f043076729480f2e1b69904408a", size = 459445, upload-time = "2026-08-24T21:26:57.274Z" },
]

[[package]]
name = "pyobjc-core"
version = "12.2.2"
source = { registry = "https://pypi.org/simple" }
sdist = { url = "https://files.pythonhosted.org/packages/a5/78/abc4ce5920305780aeb36b4067a86253378b36e29ba96673a3deb02eb03a/pyobjc_core-12.2.2.tar.gz", hash = "sha256:3906452339cd06a3bb07df103c2511d4cb0f7a22d8771c0b802eba15d9a642b6", size = 1067701, upload-time = "2026-08-11T19:43:39.059Z" }
wheels = [
    { url = "https://files.pythonhosted.org/packages/13/37/486d38a173b0b8dce973a3e13c74cf402ed1b8621586b5963bc9efd49a48/pyobjc_core-12.2.2-cp314-cp314-macosx_10_15_universal2.whl", hash = "sha256:2062e8ad30a310441cd022544a897553408bebeaa7820d5edba3c96fd7fd693b", size = 6421184, upload-time = "2026-08-11T19:30:21.081Z" },
    { url = "https://files.pythonhosted.org/packages/04/f1/d138fd9b9a66ea8db56a8138b77d3413b85da3defe13363a19f364f85529/pyobjc_core-12.2.2-cp314-cp314t-macosx_10_15_universal2.whl", hash = "sha256:2c7ef3d2f865b4b3ebb14ec3556f7a3e8abb6d130c67275cd9daa08dbd6e4e4e", size = 6671824, upload-time = "2026-08-11T19:30:25.005Z" },
    { url = "https://files.pythonhosted.org/packages/d5/85/577e2265cccf59daf48c460f0a8deeaf7dbe2991227a8859ab1eeab4945e/pyobjc_core-12.2.2-cp315-cp315-macosx_10_15_universal2.whl", hash = "sha256:89acc6bc13aaa6e3f52b0ce652ede7e201edb6bf062741b246b0c5a44582f25f", size = 6477694, upload-time = "2026-08-11T19:30:28.821Z" },
    { url = "https://files.pythonhosted.org/packages/77/0a/bd9f830c64c6f334530831e75c01bfe0a770a3fbb00fddc70329223118b3/pyobjc_core-12.2.2-cp315-cp315t-macosx_10_15_universal2.whl", hash = "sha256:59a77038ebe0ab1240f61c341e7fb67b8674f2b4cd41bc71a6472511a12b50f7", size = 6712233, upload-time = "2026-08-11T19:30:33.032Z" },
]

[[package]]
name = "pyobjc-framework-avfoundation"
version = "12.2.2"
source = { registry = "https://pypi.org/simple" }
dependencies = [
    { name = "pyobjc-core" },
    { name = "pyobjc-framework-cocoa" },
    { name = "pyobjc-framework-coreaudio" },
    { name = "pyobjc-framework-coremedia" },
    { name = "pyobjc-framework-quartz" },
]
sdist = { url = "https://files.pythonhosted.org/packages/19/48/917494d86ea02372e922bc96ffb76a6161f847db21ae7885fe7e0c3d7755/pyobjc_framework_avfoundation-12.2.2.tar.gz", hash = "sha256:5b9f33bf382af9a84b2394c98e3603a8abf03f29b0d2036e29698806ea22851a", size = 411684, upload-time = "2026-08-11T19:43:51.652Z" }
wheels = [
    { url = "https://files.pythonhosted.org/packages/cf/61/a0969bfebcdddcaf1f8ccf721bf747e4e6ec803c742c6afd17faf0397f68/pyobjc_framework_avfoundation-12.2.2-cp314-cp314-macosx_10_15_universal2.whl", hash = "sha256:21a3c326455e5dce805e7440a3b7808c1e833e6d961279de88ab39cba70b821f", size = 85834, upload-time = "2026-08-11T19:31:40.455Z" },
    { url = "https://files.pythonhosted.org/packages/81/dc/14e479e8f6159d69d5fac942b2e0d0335529f43da0b9b0dac7a80662b46d/pyobjc_framework_avfoundation-12.2.2-cp314-cp314t-macosx_10_15_universal2.whl", hash = "sha256:45b915a35d7fddb6c29a7a43e8b221bd2f2fe73eb0b1c174e843cfa6cbba57ac", size = 86175, upload-time = "2026-08-11T19:31:41.338Z" },
    { url = "https://files.pythonhosted.org/packages/17/ec/ffb940584befa2d3a42e8169b1269ab492f77b40ed0183d37089f97626f6/pyobjc_framework_avfoundation-12.2.2-cp315-cp315-macosx_10_15_universal2.whl", hash = "sha256:60199c8271f28dbf3f1b1f4fcaec3fbd7d6787571be95b0a291e70f1dbd13807", size = 85895, upload-time = "2026-08-11T19:31:42.161Z" },
    { url = "https://files.pythonhosted.org/packages/ea/64/7b789e97ce5675e43628166a2ff17bf39ef081e62a5725d51fbfc11c197a/pyobjc_framework_avfoundation-12.2.2-cp315-cp315t-macosx_10_15_universal2.whl", hash = "sha256:9f9394180a7891085f8981ba2fcb2da292ee0608b46fa53d231d8a646a6a6bb8", size = 86241, upload-time = "2026-08-11T19:31:43.258Z" },
]

[[package]]
name = "pyobjc-framework-cocoa"
version = "12.2.2"
source = { registry = "https://pypi.org/simple" }
dependencies = [
    { name = "pyobjc-core" },
]
sdist = { url = "https://files.pythonhosted.org/packages/75/76/49c6da2c6a831020b4854ba20079d5a1030474bffc776b7b73c2eeff8c15/pyobjc_framework_cocoa-12.2.2.tar.gz", hash = "sha256:c96c0ef69a71afbbb0e6a7d594b455c5fe47d62e0db376ee7a2b4b828c16ace9", size = 3132831, upload-time = "2026-08-11T19:44:02.288Z" }
wheels = [
    { url = "https://files.pythonhosted.org/packages/1f/1a/b99521999b9f54b89aad928ddff0faad507abfe33bc46599454bfa48a4b2/pyobjc_framework_cocoa-12.2.2-cp314-cp314-macosx_10_15_universal2.whl", hash = "sha256:889d7bbd4ba2d4941078bfbbfb882138e51dbead27df006abfe0f2e0d49b5b2e", size = 388368, upload-time = "2026-08-11T19:32:46.781Z" },
    { url = "https://files.pythonhosted.org/packages/6d/26/0c697dbc73dcc76bc0f68ea5aeed25bf7b05217df5102659e878501b2d5f/pyobjc_framework_cocoa-12.2.2-cp314-cp314t-macosx_10_15_universal2.whl", hash = "sha256:de69c5933750f3a4599ed962eccd92b6a71914c7e4318dacc7895738a8ae60d7", size = 392404, upload-time = "2026-08-11T19:32:47.918Z" },
    { url = "https://files.pythonhosted.org/packages/df/82/502f740fd8f4e9ef741c9d40ba67467ab2c8196f2c09dcba12936d28a4fd/pyobjc_framework_cocoa-12.2.2-cp315-cp315-macosx_10_15_universal2.whl", hash = "sha256:0e8ace0d44a00d281281a723d17fcd05eea7544a38a6a512e1fd018ddb7aece2", size = 388585, upload-time = "2026-08-11T19:32:49.171Z" },
    { url = "https://files.pythonhosted.org/packages/7d/3b/07ce3c0ab8d1e9e1bed74fea1bf1cce73527a365a7a23c755051d3be9865/pyobjc_framework_cocoa-12.2.2-cp315-cp315t-macosx_10_15_universal2.whl", hash = "sha256:8fe5b2e79c9530f667b4e58a87a3a15ea62f86a5d19eec405517ecbd4f454868", size = 392693, upload-time = "2026-08-11T19:32:50.283Z" },
]

[[package]]
name = "pyobjc-framework-coreaudio"
version = "12.2.2"
source = { registry = "https://pypi.org/simple" }
dependencies = [
    { name = "pyobjc-core" },
    { name = "pyobjc-framework-cocoa" },
]
sdist = { url = "https://files.pythonhosted.org/packages/0e/71/bfbf1dffe9f08f31b444685e9d194e25cc3506db9f7a9d6ffdb56cc4408e/pyobjc_framework_coreaudio-12.2.2.tar.gz", hash = "sha256:880214f7328d6502a0c60ee744fa1eabe77a0d0c9ae276009453b69474eacf38", size = 79573, upload-time = "2026-08-11T19:44:07.04Z" }
wheels = [
    { url = "https://files.pythonhosted.org/packages/7e/87/7bb04033a75abecc03642bcac7c23175e8c1d7a6c14be561a18378f23046/pyobjc_framework_coreaudio-12.2.2-cp314-cp314-macosx_10_15_universal2.whl", hash = "sha256:4e332b0acb976e84b3730d90f1bce8c92f1e52009a07d35ee7d3f8d494055d8a", size = 36520, upload-time = "2026-08-11T19:33:14.656Z" },
    { url = "https://files.pythonhosted.org/packages/95/68/36436a40e253dd8005bed9d6ffb31e5be1fd4acccacdfd8e36b1af1b4542/pyobjc_framework_coreaudio-12.2.2-cp314-cp314t-macosx_10_15_universal2.whl", hash = "sha256:29b6d2b0d415246348717e501b424da5ad4cfadc8bb3c465c16851446e6ff590", size = 38131, upload-time = "2026-08-11T19:33:15.462Z" },
    { url = "https://files.pythonhosted.org/packages/23/14/424a6b90658b5ac597986b6b8dcb2ae2f9452840a28149c400f458f33d5a/pyobjc_framework_coreaudio-12.2.2-cp315-cp315-macosx_10_15_universal2.whl", hash = "sha256:97ef7efc7f5c5d66ecb114050f76f029803a203b953103859bdfe1d4756de50d", size = 36552, upload-time = "2026-08-11T19:33:16.339Z" },
    { url = "https://files.pythonhosted.org/packages/f5/a1/f276ed48473dd8d7f070517a5dbba40d689af3261127799b41ef17861464/pyobjc_framework_coreaudio-12.2.2-cp315-cp315t-macosx_10_15_universal2.whl", hash = "sha256:75bfc0de2b8f94521c9becb55d5dcf749b6ff479b6163cd1355b1f7c578166e4", size = 38162, upload-time = "2026-08-11T19:33:17.1Z" },
]

[[package]]
name = "pyobjc-framework-coremedia"
version = "12.2.2"
source = { registry = "https://pypi.org/simple" }
dependencies = [
    { name = "pyobjc-core" },
    { name = "pyobjc-framework-cocoa" },
]
sdist = { url = "https://files.pythonhosted.org/packages/f0/12/0b3896ea04f0fbbe3f2cb37802cadce334f9aef204d911a81934013eba8c/pyobjc_framework_coremedia-12.2.2.tar.gz", hash = "sha256:fe9f972438674893e941e9db5b62f8ba99a33f94a7f1c2ce49b14416f154cd10", size = 98580, upload-time = "2026-08-11T19:44:11.651Z" }
wheels = [
    { url = "https://files.pythonhosted.org/packages/74/bb/0676dabebfbf9a89ea268ca26bd978a6c0e5dcf9b2baca86709bd8228708/pyobjc_framework_coremedia-12.2.2-cp314-cp314-macosx_10_15_universal2.whl", hash = "sha256:edc9d03e5230123c92d4f0413c48449a7f08fa747b9f304b2cc396239acfefe3", size = 29465, upload-time = "2026-08-11T19:33:52.149Z" },
    { url = "https://files.pythonhosted.org/packages/17/33/1e2ab0438a546cc33ac18dcdb939c0a7cbbfcc070744f6451d08ccd80d6b/pyobjc_framework_coremedia-12.2.2-cp314-cp314t-macosx_10_15_universal2.whl", hash = "sha256:bb4c56edd411a5c0152a0a9eeb0138f9c173820041beff0cfaff291b9376bade", size = 29525, upload-time = "2026-08-11T19:33:52.943Z" },
    { url = "https://files.pythonhosted.org/packages/99/7f/1a5e92a337e924f4cf3781f61b30a0e9fba84eb6fbf2c377959bb842d1e8/pyobjc_framework_coremedia-12.2.2-cp315-cp315-macosx_10_15_universal2.whl", hash = "sha256:49b53bbe1eea893f94bbf05f1f5220fcef3ccac7310a96d78434c0df6318dc79", size = 29503, upload-time = "2026-08-11T19:33:53.724Z" },
    { url = "https://files.pythonhosted.org/packages/db/f6/09e85dc8bffbafdcf74c53d8495db1411f9cc03b32a10593832f4fa81318/pyobjc_framework_coremedia-12.2.2-cp315-cp315t-macosx_10_15_universal2.whl", hash = "sha256:0bf4cd65f87bd073e74b3ede2381dc9355529e6f1b12184da22090f016e68bf7", size = 29560, upload-time = "2026-08-11T19:33:54.712Z" },
]

[[package]]
name = "pyobjc-framework-coreml"
version = "12.2.2"
source = { registry = "https://pypi.org/simple" }
dependencies = [
    { name = "pyobjc-core" },
    { name = "pyobjc-framework-cocoa" },
]
sdist = { url = "https://files.pythonhosted.org/packages/b7/3b/c835535e7aef41afc953e5597ea41e693b7bae80d753ab74b9721e07cba5/pyobjc_framework_coreml-12.2.2.tar.gz", hash = "sha256:3e6abe134634adbcc0c1e843826e42df86e63beb3bc7e8e4a914e93179ae1e75", size = 49750, upload-time = "2026-08-11T19:44:14.011Z" }
wheels = [
    { url = "https://files.pythonhosted.org/packages/c5/2a/e24b588906a6cec690cf8147358290e793d8b616aa508f743f52ddfa86e1/pyobjc_framework_coreml-12.2.2-cp314-cp314-macosx_10_15_universal2.whl", hash = "sha256:7b263a80158d4380b208ffb8cbf3b276ed4daf3753723dbbd7e561a25ee2048b", size = 12031, upload-time = "2026-08-11T19:34:14.593Z" },
    { url = "https://files.pythonhosted.org/packages/5a/15/bb1c7476a050f9759827dafc8c7294a37a8ecf74728f003ea2ccbe9502c1/pyobjc_framework_coreml-12.2.2-cp314-cp314t-macosx_10_15_universal2.whl", hash = "sha256:5971bdf03ed6002ab6e913ac8003077172d8423cc13206246f343518d1515e10", size = 12209, upload-time = "2026-08-11T19:34:15.306Z" },
    { url = "https://files.pythonhosted.org/packages/6c/90/49fa6d98787da09f9ebd498f7e7252c3243c7e294a975bf77b860304ec11/pyobjc_framework_coreml-12.2.2-cp315-cp315-macosx_10_15_universal2.whl", hash = "sha256:20dba373eac775cb487d28a92d02e78903d464367d67dd69aa17543515234183", size = 12025, upload-time = "2026-08-11T19:34:16.043Z" },
    { url = "https://files.pythonhosted.org/packages/0d/ee/2253e698cd41ee7ea9b3f1fd796cad822722d6e351f55731809c52005421/pyobjc_framework_coreml-12.2.2-cp315-cp315t-macosx_10_15_universal2.whl", hash = "sha256:b3711abe3380c3343d57dfa490578ef3c87ca0cdc8a403d81bc35e750ef48d49", size = 12201, upload-time = "2026-08-11T19:34:17.221Z" },
]

[[package]]
name = "pyobjc-framework-quartz"
version = "12.2.2"
source = { registry = "https://pypi.org/simple" }
dependencies = [
    { name = "pyobjc-core" },
    { name = "pyobjc-framework-cocoa" },
]
sdist = { url = "https://files.pythonhosted.org/packages/35/b1/426a37c7ae37280b3ffca2571fb48f211946aee2f4ca31a603ed1943c4a7/pyobjc_framework_quartz-12.2.2.tar.gz", hash = "sha256:810f97b210cfd93704d240860286dfd6df09f9f1c52525fc5c2166723aea3f9e", size = 3218295, upload-time = "2026-08-11T19:45:15.189Z" }
wheels = [
    { url = "https://files.pythonhosted.org/packages/b1/33/230ae7777b0909fe2c24f28413c51c860faebf762d824b097a0e2fb48304/pyobjc_framework_quartz-12.2.2-cp314-cp314-macosx_10_15_universal2.whl", hash = "sha256:1f7f3d9010e38f03ea1fa266664c10ea349cd7492bd603b403584f49d713dbed", size = 219773, upload-time = "2026-08-11T19:40:27.64Z" },
    { url = "https://files.pythonhosted.org/packages/25/eb/7482fdd384521916e98a6164be220494b1f7794792b1d60fa3f5207d84a4/pyobjc_framework_quartz-12.2.2-cp314-cp314t-macosx_10_15_universal2.whl", hash = "sha256:ebf8167ca2096cf3a05199decfa517be0df4c56048f49cf132bd6b1a6ab9c086", size = 224726, upload-time = "2026-08-11T19:40:28.718Z" },
    { url = "https://files.pythonhosted.org/packages/33/67/b4b0ffc486b08492bfef4b33731d044b295f1696c8fb7d119c8367079139/pyobjc_framework_quartz-12.2.2-cp315-cp315-macosx_10_15_universal2.whl", hash = "sha256:cee63b891c2b6b7ccf98f233175411529f3e80286f58438793b3634af79858f1", size = 219827, upload-time = "2026-08-11T19:40:29.764Z" },
    { url = "https://files.pythonhosted.org/packages/aa/eb/5fb627c2457046883c6fd12d25c44db40c12bcde4622dc0f30851108e106/pyobjc_framework_quartz-12.2.2-cp315-cp315t-macosx_10_15_universal2.whl", hash = "sha256:8f58c589b5a76ba98f186b1f3b19fb1c8b730e82351f81fb62e6194f64a71622", size = 224767, upload-time = "2026-08-11T19:40:30.991Z" },
]

[[package]]
name = "pyobjc-framework-vision"
version = "12.2.2"
source = { registry = "https://pypi.org/simple" }
dependencies = [
    { name = "pyobjc-core" },
    { name = "pyobjc-framework-cocoa" },
    { name = "pyobjc-framework-coreml" },
    { name = "pyobjc-framework-quartz" },
]
sdist = { url = "https://files.pythonhosted.org/packages/ea/bf/31e8bcae94047b365592ab7533096a4025c0306a8a312b65bcbf57e073ec/pyobjc_framework_vision-12.2.2.tar.gz", hash = "sha256:a6bf78e8dca145c6a78fd8d5f925b6da54649a60a1464b81ff405bca4a08406b", size = 73289, upload-time = "2026-08-11T19:45:41.877Z" }
wheels = [
    { url = "https://files.pythonhosted.org/packages/28/c1/2951e9182e2c077d2c23c3f0772a1cfbf6bd627247388ac795a53888b08a/pyobjc_framework_vision-12.2.2-cp314-cp314-macosx_10_15_universal2.whl", hash = "sha256:66eab9ecdc741f4ee72cc287c5ffccfe6f81fcdd8544bec98e5cc6c50b901865", size = 16940, upload-time = "2026-08-11T19:43:26.513Z" },
    { url = "https://files.pythonhosted.org/packages/57/fc/7431c063eeb9f44b75fcdf213dbfd50c7822af1eba8e40df31799a095ac3/pyobjc_framework_vision-12.2.2-cp314-cp314t-macosx_10_15_universal2.whl", hash = "sha256:6dd4c8a804a89585ae170f0b5eb5265538d75fc76092e9f33a67386304d19aed", size = 17096, upload-time = "2026-08-11T19:43:27.272Z" },
    { url = "https://files.pythonhosted.org/packages/6b/90/85f349d583f691bf64473b52ae96ba52320226816ae3e54f4d4eeeb7ba27/pyobjc_framework_vision-12.2.2-cp315-cp315-macosx_10_15_universal2.whl", hash = "sha256:60b61390c250640b0dbc1b88861bb80edf6dfa699e90b91a5b4bfd37d4a71b99", size = 16930, upload-time = "2026-08-11T19:43:28.029Z" },
    { url = "https://files.pythonhosted.org/packages/6f/9d/fa24a7234a7d1100225582968ae29ad3aeb2616f1528fc877384895a3e9d/pyobjc_framework_vision-12.2.2-cp315-cp315t-macosx_10_15_universal2.whl", hash = "sha256:c323455ddabc5fab868c00797fedd5e338688054c776cd6a7801d36f045e9d26", size = 17096, upload-time = "2026-08-11T19:43:28.828Z" },
]

[[package]]
name = "pypinyin"
version = "0.55.0"
source = { registry = "https://pypi.org/simple" }
sdist = { url = "https://files.pythonhosted.org/packages/b4/a4/784cf98c09e0dc22776b0d7d8a4a5b761218bcae4608c2416ce1e167c8af/pypinyin-0.55.0.tar.gz", hash = "sha256:b5711b3a0c6f76e67408ec6b2e3c4987a3a806b7c528076e7c7b86fcf0eaa66b", size = 839836, upload-time = "2025-07-20T12:01:50.657Z" }
wheels = [
    { url = "https://files.pythonhosted.org/packages/b9/7b/4cabc76fcc21c3c7d5c671d8783984d30ac9d3bb387c4ba784fca3cdfa3a/pypinyin-0.55.0-py2.py3-none-any.whl", hash = "sha256:d53b1e8ad2cdb815fb2cb604ed3123372f5a28c6f447571244aca36fc62a286f", size = 840203, upload-time = "2025-07-20T12:01:48.535Z" },
]

[[package]]
name = "pywin32-ctypes"
version = "0.2.3"
source = { registry = "https://pypi.org/simple" }
sdist = { url = "https://files.pythonhosted.org/packages/85/9f/01a1a99704853cb63f253eea009390c88e7131c67e66a0a02099a8c917cb/pywin32-ctypes-0.2.3.tar.gz", hash = "sha256:d162dc04946d704503b2edc4d55f3dba5c1d539ead017afa00142c38b9885755", size = 29471, upload-time = "2024-08-14T10:15:34.626Z" }
wheels = [
    { url = "https://files.pythonhosted.org/packages/de/3d/8161f7711c017e01ac9f008dfddd9410dff3674334c233bde66e7ba65bbf/pywin32_ctypes-0.2.3-py3-none-any.whl", hash = "sha256:8a1513379d709975552d202d942d9837758905c8d01eb82b8bcc30918929e7b8", size = 30756, upload-time = "2024-08-14T10:15:33.187Z" },
]

[[package]]
name = "ruff"
version = "0.16.7"
source = { registry = "https://pypi.org/simple" }
sdist = { url = "https://files.pythonhosted.org/packages/82/bb/5a449b9162e49b139d72f61672bd3ac1d790221f796d3304e2241fff4c58/ruff-0.16.7.tar.gz", hash = "sha256:5f71d004ac1263b22fa39462ac5ae618a4b77d58981af2cc79bf79a29c12b1a6", size = 4924184, upload-time = "2026-09-10T18:04:06.336Z" }
wheels = [
    { url = "https://files.pythonhosted.org/packages/e3/b2/c80aeeb7f9e469c0d63a85d2f1ab6e1ebfbe10ea7a8d2438b7e09e3ff09e/ruff-0.16.7-py3-none-linux_armv6l.whl", hash = "sha256:727307773e7c7f9181d3ed3a2484186e56c1fa1874255911c74585eb2c7c19f9", size = 10048917, upload-time = "2026-09-10T18:03:30.28Z" },
    { url = "https://files.pythonhosted.org/packages/7b/96/20bb7bcae008004df52afcb7ac83432d4a467f2c17b672fe46d26be231c5/ruff-0.16.7-py3-none-macosx_10_12_x86_64.whl", hash = "sha256:9d61c258deabf58f34c67bd4bb4d939c7f2e6b5f0e59c1cdd1cf771b11cde929", size = 10242929, upload-time = "2026-09-10T18:03:32.706Z" },
    { url = "https://files.pythonhosted.org/packages/90/b2/f184b0d5abec02db69cfd7e49b688ae0237554528ca777136c613bf36bee/ruff-0.16.7-py3-none-macosx_11_0_arm64.whl", hash = "sha256:7ab81118df8945e0193d0240712aa4496573595b75185c3636ed825592a0f728", size = 9847245, upload-time = "2026-09-10T18:03:34.509Z" },
    { url = "https://files.pythonhosted.org/packages/eb/2d/db1633a641866ed801e34cc6b60ef236c5e16f9b2124ab1d49cc24a5fe4f/ruff-0.16.7-py3-none-manylinux_2_17_aarch64.manylinux2014_aarch64.whl", hash = "sha256:4c196c968874fc8019da8e7163de7a1a370f111e2309b4b7dfea0fce950198d0", size = 9961780, upload-time = "2026-09-10T18:03:36.618Z" },
    { url = "https://files.pythonhosted.org/packages/4d/98/edea21e1a3e38dbbc3bf6bb068b863b3b06184cf8533a4c7dbbe208a89d5/ruff-0.16.7-py3-none-manylinux_2_17_armv7l.manylinux2014_armv7l.whl", hash = "sha256:ac8c3bd0a7e10ad31e6ce51e7a99f3cb772e69aecdd6b9ea7e99b362f62a62c0", size = 9866337, upload-time = "2026-09-10T18:03:38.805Z" },
    { url = "https://files.pythonhosted.org/packages/0b/11/a15e60d4c87b214646f116ca9d204475bf993ee1047459bc9a360fd4d6d1/ruff-0.16.7-py3-none-manylinux_2_17_i686.manylinux2014_i686.whl", hash = "sha256:398d3988edde000b5c75dc1b3f584708da9bc990de069c18909142580fec1af9", size = 10562512, upload-time = "2026-09-10T18:03:40.71Z" },
    { url = "https://files.pythonhosted.org/packages/29/42/eaff4c9b6d0c7cdf56df313a17e89ae854f5bbc0b0c8f9cce19be0ab7a8f/ruff-0.16.7-py3-none-manylinux_2_17_ppc64le.manylinux2014_ppc64le.whl", hash = "sha256:ce05b62b770a8217c4646a9c4139fca00efe8fe5d71f87df2b243ff20d4584d1", size = 11302938, upload-time = "2026-09-10T18:03:42.607Z" },
    { url = "https://files.pythonhosted.org/packages/5d/43/c75aa59a4ec181fe2ec06cab30e198c1c6d107229a9f008ae3a7c16cabd8/ruff-0.16.7-py3-none-manylinux_2_17_s390x.manylinux2014_s390x.whl", hash = "sha256:af1b576fddb9d9ef2ececfb5fadcd6a624b25070ed85e3cfcfe449fc3ff6a7b9", size = 10840857, upload-time = "2026-09-10T18:03:44.604Z" },
    { url = "https://files.pythonhosted.org/packages/21/33/81f3da371942ea031105ba679d8d6e28ec1660ccd690a45f42d381161356/ruff-0.16.7-py3-none-manylinux_2_17_x86_64.manylinux2014_x86_64.whl", hash = "sha256:9ce7f8f22df67c93ed96c717f9128eadb797144ac2bad475cf536f31d6100c55", size = 10370001, upload-time = "2026-09-10T18:03:46.706Z" },
    { url = "https://files.pythonhosted.org/packages/fa/0b/6345fb4dbf6dd0ed1cfe5d18391dc9c3f59cc81622a7b0a65b84b3e730ba/ruff-0.16.7-py3-none-manylinux_2_31_riscv64.whl", hash = "sha256:06d0e93d04f392996435ebd600c153f65b47d73fbec2415aa99c5ee5756b3a5f", size = 10548735, upload-time = "2026-09-10T18:03:48.658Z" },
    { url = "https://files.pythonhosted.org/packages/3f/4d/c5576adf511f92a328e5569dda190ecdd430da51f1a649f3a4a2fd73e21e/ruff-0.16.7-py3-none-musllinux_1_2_aarch64.whl", hash = "sha256:142151a5e7b93c1b11111337142f89dd2fbfee92161225c99a97222f22e32656", size = 10108496, upload-time = "2026-09-10T18:03:50.563Z" },
    { url = "https://files.pythonhosted.org/packages/ff/8c/667d83c16199a17a56adc6b0bd4c3beb5b767a2babcd16a56f76f9be7fd6/ruff-0.16.7-py3-none-musllinux_1_2_armv7l.whl", hash = "sha256:e6651f97a342d8b35d54d8991544ca22169b86dc54111cb604666940c431b750", size = 9860136, upload-time = "2026-09-10T18:03:52.621Z" },
    { url = "https://files.pythonhosted.org/packages/99/75/78d401106731999a1dd20cc5a6961e37e1eb9397a3b589f73f3a5ce146a3/ruff-0.16.7-py3-none-musllinux_1_2_i686.whl", hash = "sha256:ef140c6eb935fa9a84c9c607dfb2cb1b85843c192e79265b0c54f35f557ea8e5", size = 10286290, upload-time = "2026-09-10T18:03:55.207Z" },
    { url = "https://files.pythonhosted.org/packages/68/49/56f9c3a8b755df93a0ad318b2147bf4ef5dae9a7e5ec61c460109c67957f/ruff-0.16.7-py3-none-musllinux_1_2_x86_64.whl", hash = "sha256:53e39506a730fadeee0d998ed5946f30671f0db240c6c7c73bdabbe33604bb6f", size = 10745048, upload-time = "2026-09-10T18:03:57.299Z" },
    { url = "https://files.pythonhosted.org/packages/5f/ea/7f9b938a63ece4bec677ad7f9f7fa02df3383db1949ed93a382441c09a87/ruff-0.16.7-py3-none-win32.whl", hash = "sha256:2ea3470fcebcbc5df2fb0c6f3b90333fa9084c534e0111c038fa4a6ab9f1c4b7", size = 10059082, upload-time = "2026-09-10T18:03:59.632Z" },
    { url = "https://files.pythonhosted.org/packages/39/11/480a6973a927aa653e1cead6a6416008640e03a99d05b34c0434b8c6c366/ruff-0.16.7-py3-none-win_amd64.whl", hash = "sha256:7ac26aca826e9e21d0f1cb25b54ac660760a9fdd094d3e4df9848232be98cfc6", size = 10593368, upload-time = "2026-09-10T18:04:01.999Z" },
    { url = "https://files.pythonhosted.org/packages/8b/4b/51327018d056f0dad2c2238f26d1fb0f53707a9d91b75dea6d1b3039f136/ruff-0.16.7-py3-none-win_arm64.whl", hash = "sha256:aab7f39e2c9df6c596216070f98eef1207b94f8516cca20c808826974971855b", size = 10412401, upload-time = "2026-09-10T18:04:04.098Z" },
]

[[package]]
name = "setuptools"
version = "84.0.0"
source = { registry = "https://pypi.org/simple" }
sdist = { url = "https://files.pythonhosted.org/packages/6d/44/f5da03a8ef95d369145c5bb53050e7877c9f3d312e128605fd9504829143/setuptools-84.0.0.tar.gz", hash = "sha256:f4695c21257f0d9b537ec2692c941d02ee143b7cc1276941349a546573b2ef73", size = 1168449, upload-time = "2026-08-08T18:27:58.365Z" }
wheels = [
    { url = "https://files.pythonhosted.org/packages/95/9c/c510029fc6ef33a6275cd2c5d3cecd6613dfd6aa401d57c54f1c18852ccf/setuptools-84.0.0-py3-none-any.whl", hash = "sha256:51a52592b3b99e102b609654876bd65f19f999935166d1352678931132b0c670", size = 818216, upload-time = "2026-08-08T18:27:56.719Z" },
]

[[package]]
name = "simplemma"
version = "2.0.0"
source = { registry = "https://pypi.org/simple" }
sdist = { url = "https://files.pythonhosted.org/packages/09/bf/c5f923da5eb468c6d4a86c6b3250ef92470a0d31bb51cd7d2fbbea22b7c0/simplemma-2.0.0.tar.gz", hash = "sha256:03f9ba792aa51ebbe18a78fc3138c0c0087d81b284eefa534f6f2015233dcb8d", size = 19084504, upload-time = "2026-08-12T13:48:07.179Z" }
wheels = [
    { url = "https://files.pythonhosted.org/packages/e2/e4/078d18631ce1c012af0f25e753f473745c0b139757334175a76d6b910c82/simplemma-2.0.0-py3-none-any.whl", hash = "sha256:db33b15f5aed6485a748ce34d1f510ca760af2633289ab9a8493e2afa785c352", size = 18954708, upload-time = "2026-08-12T13:47:55.162Z" },
]

[[package]]
name = "translation-lens-macos"
version = "0.1.0"
source = { editable = "." }
dependencies = [
    { name = "jieba" },
    { name = "pyinstaller" },
    { name = "pyobjc-core" },
    { name = "pyobjc-framework-avfoundation" },
    { name = "pyobjc-framework-cocoa" },
    { name = "pyobjc-framework-quartz" },
    { name = "pyobjc-framework-vision" },
    { name = "pypinyin" },
    { name = "simplemma" },
]

[package.dev-dependencies]
dev = [
    { name = "ruff" },
    { name = "ty" },
]

[package.metadata]
requires-dist = [
    { name = "jieba", specifier = ">=0.42.1" },
    { name = "pyinstaller", specifier = ">=6.21.0" },
    { name = "pyobjc-core", specifier = ">=12.2.1" },
    { name = "pyobjc-framework-avfoundation", specifier = ">=12.2.1" },
    { name = "pyobjc-framework-cocoa", specifier = ">=12.2.1" },
    { name = "pyobjc-framework-quartz", specifier = ">=12.2.1" },
    { name = "pyobjc-framework-vision", specifier = ">=12.2.1" },
    { name = "pypinyin", specifier = ">=0.55.0" },
    { name = "simplemma", specifier = ">=1.1.2" },
]

[package.metadata.requires-dev]
dev = [
    { name = "ruff", specifier = ">=0.16.4" },
    { name = "ty", specifier = ">=0.0.74" },
]

[[package]]
name = "ty"
version = "0.0.81"
source = { registry = "https://pypi.org/simple" }
sdist = { url = "https://files.pythonhosted.org/packages/61/b7/c9d736f48585f5a711ea47bb97a353d3771834f89481d747ea9687b74fa9/ty-0.0.81.tar.gz", hash = "sha256:ef721aa649bf41d665ba86e1ea726fd3feab6800e2c4887a062a704baf304ca8", size = 7225871, upload-time = "2026-09-15T02:05:29.536Z" }
wheels = [
    { url = "https://files.pythonhosted.org/packages/6c/70/649a5ec8fd6cc9dfa731c905523b19e677ad36dd9dcc4fcadfed8235507f/ty-0.0.81-py3-none-linux_armv6l.whl", hash = "sha256:8e9e3dd6edb1462633ddba2bf337d1c05023a5a13c2f315e445565c7ad43d247", size = 13679646, upload-time = "2026-09-15T02:04:51.436Z" },
    { url = "https://files.pythonhosted.org/packages/b5/d0/3769b760918c3dde1bbaeee87422cd442fc550baadb5c8621e479b363282/ty-0.0.81-py3-none-macosx_10_12_x86_64.whl", hash = "sha256:649c350873e4b3e937d856512ee57b8a345d80079cbead73a5308c2cdafe594c", size = 13211367, upload-time = "2026-09-15T02:04:54.18Z" },
    { url = "https://files.pythonhosted.org/packages/f8/5f/b8fe3ab7eee87bbf1f5ff1b65c55526a3f31a9604630bc9e7d84199bbac5/ty-0.0.81-py3-none-macosx_11_0_arm64.whl", hash = "sha256:480c78706ba78239f901d68cf1ba53e98b84aa51e19b9241daa0fb62fdecd2e2", size = 13084312, upload-time = "2026-09-15T02:04:56.133Z" },
    { url = "https://files.pythonhosted.org/packages/7f/d8/ce22278014f14ae8205d2f9622696d39c623a0c9e80056c258bb89bb8322/ty-0.0.81-py3-none-manylinux_2_17_aarch64.manylinux2014_aarch64.whl", hash = "sha256:7cdbfa4b634b1d21542eedc11e424dedcc4871c2128d0d46b55b0089d3220492", size = 13127965, upload-time = "2026-09-15T02:04:58.306Z" },
    { url = "https://files.pythonhosted.org/packages/82/d0/4e75c61f6a241a0804f25117af4f91a5aaa4a48408b57f8d4c34d8a3d91e/ty-0.0.81-py3-none-manylinux_2_17_armv7l.manylinux2014_armv7l.whl", hash = "sha256:5f7a34743a21669d4f3d5fda98c36189cb4d9dceee1415a8a42d7426d55995db", size = 13432523, upload-time = "2026-09-15T02:05:00.471Z" },
    { url = "https://files.pythonhosted.org/packages/0b/02/e0b6b783418515c8ba40c13d5e333da9e0576a7a69582fc2b5831bb7d913/ty-0.0.81-py3-none-manylinux_2_17_i686.manylinux2014_i686.whl", hash = "sha256:742eab849947bc10b4c09810d37bd743afe9502e114b7bcfd6389f0ae3f425aa", size = 14211082, upload-time = "2026-09-15T02:05:02.455Z" },
    { url = "https://files.pythonhosted.org/packages/6b/af/85cb68d13ff617f2b213212d674e1266b933f2d051b63a1e5116e8ca0bfc/ty-0.0.81-py3-none-manylinux_2_17_ppc64le.manylinux2014_ppc64le.whl", hash = "sha256:2b4cef395eee7007449aa3fc3fc8dc6bc58fe7a8956d56db078569061741bf52", size = 14692204, upload-time = "2026-09-15T02:05:04.705Z" },
    { url = "https://files.pythonhosted.org/packages/24/c6/791891f3fa8fec91e9ec3e8c9d6774ab903297defe847a3e5d7e047360ad/ty-0.0.81-py3-none-manylinux_2_17_s390x.manylinux2014_s390x.whl", hash = "sha256:80cf8c34973a1da2ec2a043efcba8f4c0a984d45210957a8ddd2c16f2b8f8e85", size = 14371010, upload-time = "2026-09-15T02:05:06.63Z" },
    { url = "https://files.pythonhosted.org/packages/c7/b2/c9fba5b4ed7f63f26e83432fa2062ca04606b61dce7bbacc1238232af649/ty-0.0.81-py3-none-manylinux_2_17_x86_64.manylinux2014_x86_64.whl", hash = "sha256:f37a8f66c444eea29f17adfe0664f42062520773f18031fd4913f28eb56d2966", size = 13758537, upload-time = "2026-09-15T02:05:08.722Z" },
    { url = "https://files.pythonhosted.org/packages/77/e6/09c41e96bbcbe53dd18c9a1a6dbd2e456b0d03b94440a4bd9bab55a4e19a/ty-0.0.81-py3-none-manylinux_2_31_riscv64.whl", hash = "sha256:e8134cc03e84a27f409877b9b62053fd4aaac9c3ce0ce0fdace8b5ed58d78e04", size = 14280789, upload-time = "2026-09-15T02:05:10.719Z" },
    { url = "https://files.pythonhosted.org/packages/5b/d1/87eb8e01fb17602cde5911cbadb9b11141a04f728dbda0a2a00243f337ca/ty-0.0.81-py3-none-musllinux_1_2_aarch64.whl", hash = "sha256:fb6f269c5f14a07047e05cbf3d06dd9a64a048050f736afcf744a180a272f034", size = 13169638, upload-time = "2026-09-15T02:05:12.806Z" },
    { url = "https://files.pythonhosted.org/packages/94/3c/137ceb792858f408c48f20a066d12ee76108e5f28a13242720879c024172/ty-0.0.81-py3-none-musllinux_1_2_armv7l.whl", hash = "sha256:38355a5e6294ebd3cee616ed581d051963d61b293a1b3351c248747f73a45b74", size = 13449856, upload-time = "2026-09-15T02:05:15.505Z" },
    { url = "https://files.pythonhosted.org/packages/fe/0a/4a9b31fadfc80a2141f3862316eb31944843e01bc1f6533794291cce767e/ty-0.0.81-py3-none-musllinux_1_2_i686.whl", hash = "sha256:59a35e128a9831423aee19db804aa8a1358ee3ce615b3fc0dec20d40bfd0d733", size = 13675303, upload-time = "2026-09-15T02:05:17.537Z" },
    { url = "https://files.pythonhosted.org/packages/e3/16/dbcd2c10ab80b015a227110a4ec75314468b6720d800261098521df4eee9/ty-0.0.81-py3-none-musllinux_1_2_x86_64.whl", hash = "sha256:f0f4219fbc068ea3414fa804c6bd57ef4229a11884ab9ca71cd8308072520aad", size = 14050298, upload-time = "2026-09-15T02:05:20.424Z" },
    { url = "https://files.pythonhosted.org/packages/95/ba/a70ced0c0c078ff09a3a80224d045c4267d07811dbaf125c749af5f72606/ty-0.0.81-py3-none-win32.whl", hash = "sha256:82ff952e64ba4c4da1c0c89723e326c768ae4f9ff20624dee04a51c3f4e4b96c", size = 12866650, upload-time = "2026-09-15T02:05:22.824Z" },
    { url = "https://files.pythonhosted.org/packages/3f/51/4b79453df93dfb9edecb1bd6cb04e772277d8c7260693165358a033b6ed1/ty-0.0.81-py3-none-win_amd64.whl", hash = "sha256:ef82788744da0b7f2a598e4e9776f9c5998df4eef7e2750ae3a5537e7c734b69", size = 13572976, upload-time = "2026-09-15T02:05:24.907Z" },
    { url = "https://files.pythonhosted.org/packages/0a/56/09594d55a0c49543eeac149c0dbc80b9b04409cc26ca48f1c1a9595c0916/ty-0.0.81-py3-none-win_arm64.whl", hash = "sha256:bdb1563990c5d3abfe5a09e7512733f302773ede6a5d3e4e5c6ad46393d8df4d", size = 13364408, upload-time = "2026-09-15T02:05:27.247Z" },
]
